
Microsoft Visual Studio Solution File, Format Version 12.00
# Visual Studio Version 17
VisualStudioVersion = 17.9.34622.214
MinimumVisualStudioVersion = 10.0.40219.1
Project("{FAE04EC0-301F-11D3-BF4B-00C04F79EFBC}") = "FitNotes.Api", "FitNotes.Api\FitNotes.Api.csproj", "{11EDC25C-9A3D-4AB1-A47A-0BE335F1AF01}"
EndProject
Global
	GlobalSection(SolutionConfigurationPlatforms) = preSolution
		Debug|Any CPU = Debug|Any CPU
		Release|Any CPU = Release|Any CPU
	EndGlobalSection
	GlobalSection(ProjectConfigurationPlatforms) = postSolution
		{11EDC25C-9A3D-4AB1-A47A-0BE335F1AF01}.Debug|Any CPU.ActiveCfg = Debug|Any CPU
		{11EDC25C-9A3D-4AB1-A47A-0BE335F1AF01}.Debug|Any CPU.Build.0 = Debug|Any CPU
		{11EDC25C-9A3D-4AB1-A47A-0BE335F1AF01}.Release|Any CPU.ActiveCfg = Release|Any CPU
		{11EDC25C-9A3D-4AB1-A47A-0BE335F1AF01}.Release|Any CPU.Build.0 = Release|Any CPU
	EndGlobalSection
	GlobalSection(SolutionProperties) = preSolution
		HideSolutionNode = FALSE
	EndGlobalSection
	GlobalSection(ExtensibilityGlobals) = postSolution
		SolutionGuid = {0965A1A1-4B13-42D7-9753-847C58397518}
	EndGlobalSection
EndGlobal
